
Microsoft Visual Studio Solution File, Format Version 12.00
# Visual Studio Version 17
VisualStudioVersion = 17.4.33213.308
MinimumVisualStudioVersion = 10.0.40219.1
Project("{8BC9CEB8-8B4A-11D0-8D11-00A0C91BC942}") = "CopyFile", "CopyFile\CopyFile.vcxproj", "{C9472FCC-BF7D-4922-A0B3-CE200259AC67}"
EndProject
Project("{8BC9CEB8-8B4A-11D0-8D11-00A0C91BC942}") = "Compare", "Compare\Compare.vcxproj", "{74B84810-4EA2-45A3-A355-DD8E5A53D040}"
EndProject
Project("{8BC9CEB8-8B4A-11D0-8D11-00A0C91BC942}") = "Replace", "Replace\Replace.vcxproj", "{D46ED914-6217-4C54-8438-401BA535C1EC}"
EndProject
Project("{8BC9CEB8-8B4A-11D0-8D11-00A0C91BC942}") = "Radix", "Radix\Radix.vcxproj", "{D45BF173-1FE7-47A5-A61E-BAB68590025A}"
EndProject
Project("{2150E333-8FDC-42A3-9474-1A3956D46DE8}") = "Элементы решения", "Элементы решения", "{F3CD0B50-3014-4999-9E34-03D0180D5107}"
	ProjectSection(SolutionItems) = preProject
		.clang-format = .clang-format
	EndProjectSection
EndProject
Project("{8BC9CEB8-8B4A-11D0-8D11-00A0C91BC942}") = "Invert", "Invert\Invert.vcxproj", "{18096A20-1EEA-49BA-B39F-F77252A3786D}"
EndProject
Global
	GlobalSection(SolutionConfigurationPlatforms) = preSolution
		Debug|x64 = Debug|x64
		Debug|x86 = Debug|x86
		Release|x64 = Release|x64
		Release|x86 = Release|x86
	EndGlobalSection
	GlobalSection(ProjectConfigurationPlatforms) = postSolution
		{C9472FCC-BF7D-4922-A0B3-CE200259AC67}.Debug|x64.ActiveCfg = Debug|x64
		{C9472FCC-BF7D-4922-A0B3-CE200259AC67}.Debug|x64.Build.0 = Debug|x64
		{C9472FCC-BF7D-4922-A0B3-CE200259AC67}.Debug|x86.ActiveCfg = Debug|Win32
		{C9472FCC-BF7D-4922-A0B3-CE200259AC67}.Debug|x86.Build.0 = Debug|Win32
		{C9472FCC-BF7D-4922-A0B3-CE200259AC67}.Release|x64.ActiveCfg = Release|x64
		{C9472FCC-BF7D-4922-A0B3-CE200259AC67}.Release|x64.Build.0 = Release|x64
		{C9472FCC-BF7D-4922-A0B3-CE200259AC67}.Release|x86.ActiveCfg = Release|Win32
		{C9472FCC-BF7D-4922-A0B3-CE200259AC67}.Release|x86.Build.0 = Release|Win32
		{74B84810-4EA2-45A3-A355-DD8E5A53D040}.Debug|x64.ActiveCfg = Debug|x64
		{74B84810-4EA2-45A3-A355-DD8E5A53D040}.Debug|x64.Build.0 = Debug|x64
		{74B84810-4EA2-45A3-A355-DD8E5A53D040}.Debug|x86.ActiveCfg = Debug|Win32
		{74B84810-4EA2-45A3-A355-DD8E5A53D040}.Debug|x86.Build.0 = Debug|Win32
		{74B84810-4EA2-45A3-A355-DD8E5A53D040}.Release|x64.ActiveCfg = Release|x64
		{74B84810-4EA2-45A3-A355-DD8E5A53D040}.Release|x64.Build.0 = Release|x64
		{74B84810-4EA2-45A3-A355-DD8E5A53D040}.Release|x86.ActiveCfg = Release|Win32
		{74B84810-4EA2-45A3-A355-DD8E5A53D040}.Release|x86.Build.0 = Release|Win32
		{D46ED914-6217-4C54-8438-401BA535C1EC}.Debug|x64.ActiveCfg = Debug|x64
		{D46ED914-6217-4C54-8438-401BA535C1EC}.Debug|x64.Build.0 = Debug|x64
		{D46ED914-6217-4C54-8438-401BA535C1EC}.Debug|x86.ActiveCfg = Debug|Win32
		{D46ED914-6217-4C54-8438-401BA535C1EC}.Debug|x86.Build.0 = Debug|Win32
		{D46ED914-6217-4C54-8438-401BA535C1EC}.Release|x64.ActiveCfg = Release|x64
		{D46ED914-6217-4C54-8438-401BA535C1EC}.Release|x64.Build.0 = Release|x64
		{D46ED914-6217-4C54-8438-401BA535C1EC}.Release|x86.ActiveCfg = Release|Win32
		{D46ED914-6217-4C54-8438-401BA535C1EC}.Release|x86.Build.0 = Release|Win32
		{D45BF173-1FE7-47A5-A61E-BAB68590025A}.Debug|x64.ActiveCfg = Debug|x64
		{D45BF173-1FE7-47A5-A61E-BAB68590025A}.Debug|x64.Build.0 = Debug|x64
		{D45BF173-1FE7-47A5-A61E-BAB68590025A}.Debug|x86.ActiveCfg = Debug|Win32
		{D45BF173-1FE7-47A5-A61E-BAB68590025A}.Debug|x86.Build.0 = Debug|Win32
		{D45BF173-1FE7-47A5-A61E-BAB68590025A}.Release|x64.ActiveCfg = Release|x64
		{D45BF173-1FE7-47A5-A61E-BAB68590025A}.Release|x64.Build.0 = Release|x64
		{D45BF173-1FE7-47A5-A61E-BAB68590025A}.Release|x86.ActiveCfg = Release|Win32
		{D45BF173-1FE7-47A5-A61E-BAB68590025A}.Release|x86.Build.0 = Release|Win32
		{18096A20-1EEA-49BA-B39F-F77252A3786D}.Debug|x64.ActiveCfg = Debug|x64
		{18096A20-1EEA-49BA-B39F-F77252A3786D}.Debug|x64.Build.0 = Debug|x64
		{18096A20-1EEA-49BA-B39F-F77252A3786D}.Debug|x86.ActiveCfg = Debug|Win32
		{18096A20-1EEA-49BA-B39F-F77252A3786D}.Debug|x86.Build.0 = Debug|Win32
		{18096A20-1EEA-49BA-B39F-F77252A3786D}.Release|x64.ActiveCfg = Release|x64
		{18096A20-1EEA-49BA-B39F-F77252A3786D}.Release|x64.Build.0 = Release|x64
		{18096A20-1EEA-49BA-B39F-F77252A3786D}.Release|x86.ActiveCfg = Release|Win32
		{18096A20-1EEA-49BA-B39F-F77252A3786D}.Release|x86.Build.0 = Release|Win32
	EndGlobalSection
	GlobalSection(SolutionProperties) = preSolution
		HideSolutionNode = FALSE
	EndGlobalSection
	GlobalSection(ExtensibilityGlobals) = postSolution
		SolutionGuid = {D15A5340-E17D-46DD-834D-FF0ECE9F2770}
	EndGlobalSection
EndGlobal
