
Microsoft Visual Studio Solution File, Format Version 12.00
# Visual Studio Version 17
VisualStudioVersion = 17.8.34601.278
MinimumVisualStudioVersion = 10.0.40219.1
Project("{2150E333-8FDC-42A3-9474-1A3956D46DE8}") = "Solution Items", "Solution Items", "{4BE9172F-EB42-4637-9715-FDA0D3E9A3B2}"
	ProjectSection(SolutionItems) = preProject
		.clang-format = .clang-format
	EndProjectSection
EndProject
Project("{8BC9CEB8-8B4A-11D0-8D11-00A0C91BC942}") = "Vector", "Vector\Vector.vcxproj", "{1D6FFDB7-C064-4FF3-AA11-4F79D5159801}"
EndProject
Project("{8BC9CEB8-8B4A-11D0-8D11-00A0C91BC942}") = "HTMLDecode", "HTMLDecode\HTMLDecode.vcxproj", "{1C4215EE-C2E2-4828-B339-BB1459003921}"
EndProject
Project("{8BC9CEB8-8B4A-11D0-8D11-00A0C91BC942}") = "Dictionary", "Dictionary\Dictionary.vcxproj", "{D9572B22-67FA-4780-8CB6-A5327E903C4F}"
EndProject
Project("{8BC9CEB8-8B4A-11D0-8D11-00A0C91BC942}") = "VectorTests", "VectorTests\VectorTests.vcxproj", "{90C1AC77-648D-41B0-9364-C368D57AAD0E}"
EndProject
Project("{8BC9CEB8-8B4A-11D0-8D11-00A0C91BC942}") = "HTMLDecodeTests", "HTMLDecodeTests\HTMLDecodeTests.vcxproj", "{5223EF0C-6842-49A9-93D2-0F309CC2DA77}"
EndProject
Project("{8BC9CEB8-8B4A-11D0-8D11-00A0C91BC942}") = "DictionaryTests", "DictionaryTests\DictionaryTests.vcxproj", "{EDE05924-E183-4A00-8B11-5BD86E0C1D84}"
EndProject
Project("{8BC9CEB8-8B4A-11D0-8D11-00A0C91BC942}") = "PrimeNumbers", "PrimeNumbers\PrimeNumbers.vcxproj", "{EA229BF8-BB16-4543-AB0C-7A7FF167F15B}"
EndProject
Project("{8BC9CEB8-8B4A-11D0-8D11-00A0C91BC942}") = "PrimeNumbersTests", "PrimeNumbersTests\PrimeNumbersTests.vcxproj", "{09D18C4D-F540-459E-B95E-8AF5D9104FEA}"
EndProject
Project("{8BC9CEB8-8B4A-11D0-8D11-00A0C91BC942}") = "ArithmeticExpressions", "ArithmeticExpressions\ArithmeticExpressions.vcxproj", "{384D233F-8264-4981-918B-CDCD42054EEF}"
EndProject
Project("{8BC9CEB8-8B4A-11D0-8D11-00A0C91BC942}") = "ArithmeticExpressionsTests", "ArithmeticExpressionsTests\ArithmeticExpressionsTests.vcxproj", "{87CAB3D6-B457-447D-B5DC-8B4AB4CAE51A}"
EndProject
Global
	GlobalSection(SolutionConfigurationPlatforms) = preSolution
		Debug|x64 = Debug|x64
		Debug|x86 = Debug|x86
		Release|x64 = Release|x64
		Release|x86 = Release|x86
	EndGlobalSection
	GlobalSection(ProjectConfigurationPlatforms) = postSolution
		{1D6FFDB7-C064-4FF3-AA11-4F79D5159801}.Debug|x64.ActiveCfg = Debug|x64
		{1D6FFDB7-C064-4FF3-AA11-4F79D5159801}.Debug|x64.Build.0 = Debug|x64
		{1D6FFDB7-C064-4FF3-AA11-4F79D5159801}.Debug|x86.ActiveCfg = Debug|Win32
		{1D6FFDB7-C064-4FF3-AA11-4F79D5159801}.Debug|x86.Build.0 = Debug|Win32
		{1D6FFDB7-C064-4FF3-AA11-4F79D5159801}.Release|x64.ActiveCfg = Release|x64
		{1D6FFDB7-C064-4FF3-AA11-4F79D5159801}.Release|x64.Build.0 = Release|x64
		{1D6FFDB7-C064-4FF3-AA11-4F79D5159801}.Release|x86.ActiveCfg = Release|Win32
		{1D6FFDB7-C064-4FF3-AA11-4F79D5159801}.Release|x86.Build.0 = Release|Win32
		{1C4215EE-C2E2-4828-B339-BB1459003921}.Debug|x64.ActiveCfg = Debug|x64
		{1C4215EE-C2E2-4828-B339-BB1459003921}.Debug|x64.Build.0 = Debug|x64
		{1C4215EE-C2E2-4828-B339-BB1459003921}.Debug|x86.ActiveCfg = Debug|Win32
		{1C4215EE-C2E2-4828-B339-BB1459003921}.Debug|x86.Build.0 = Debug|Win32
		{1C4215EE-C2E2-4828-B339-BB1459003921}.Release|x64.ActiveCfg = Release|x64
		{1C4215EE-C2E2-4828-B339-BB1459003921}.Release|x64.Build.0 = Release|x64
		{1C4215EE-C2E2-4828-B339-BB1459003921}.Release|x86.ActiveCfg = Release|Win32
		{1C4215EE-C2E2-4828-B339-BB1459003921}.Release|x86.Build.0 = Release|Win32
		{D9572B22-67FA-4780-8CB6-A5327E903C4F}.Debug|x64.ActiveCfg = Debug|x64
		{D9572B22-67FA-4780-8CB6-A5327E903C4F}.Debug|x64.Build.0 = Debug|x64
		{D9572B22-67FA-4780-8CB6-A5327E903C4F}.Debug|x86.ActiveCfg = Debug|Win32
		{D9572B22-67FA-4780-8CB6-A5327E903C4F}.Debug|x86.Build.0 = Debug|Win32
		{D9572B22-67FA-4780-8CB6-A5327E903C4F}.Release|x64.ActiveCfg = Release|x64
		{D9572B22-67FA-4780-8CB6-A5327E903C4F}.Release|x64.Build.0 = Release|x64
		{D9572B22-67FA-4780-8CB6-A5327E903C4F}.Release|x86.ActiveCfg = Release|Win32
		{D9572B22-67FA-4780-8CB6-A5327E903C4F}.Release|x86.Build.0 = Release|Win32
		{90C1AC77-648D-41B0-9364-C368D57AAD0E}.Debug|x64.ActiveCfg = Debug|x64
		{90C1AC77-648D-41B0-9364-C368D57AAD0E}.Debug|x64.Build.0 = Debug|x64
		{90C1AC77-648D-41B0-9364-C368D57AAD0E}.Debug|x86.ActiveCfg = Debug|Win32
		{90C1AC77-648D-41B0-9364-C368D57AAD0E}.Debug|x86.Build.0 = Debug|Win32
		{90C1AC77-648D-41B0-9364-C368D57AAD0E}.Release|x64.ActiveCfg = Release|x64
		{90C1AC77-648D-41B0-9364-C368D57AAD0E}.Release|x64.Build.0 = Release|x64
		{90C1AC77-648D-41B0-9364-C368D57AAD0E}.Release|x86.ActiveCfg = Release|Win32
		{90C1AC77-648D-41B0-9364-C368D57AAD0E}.Release|x86.Build.0 = Release|Win32
		{5223EF0C-6842-49A9-93D2-0F309CC2DA77}.Debug|x64.ActiveCfg = Debug|x64
		{5223EF0C-6842-49A9-93D2-0F309CC2DA77}.Debug|x64.Build.0 = Debug|x64
		{5223EF0C-6842-49A9-93D2-0F309CC2DA77}.Debug|x86.ActiveCfg = Debug|Win32
		{5223EF0C-6842-49A9-93D2-0F309CC2DA77}.Debug|x86.Build.0 = Debug|Win32
		{5223EF0C-6842-49A9-93D2-0F309CC2DA77}.Release|x64.ActiveCfg = Release|x64
		{5223EF0C-6842-49A9-93D2-0F309CC2DA77}.Release|x64.Build.0 = Release|x64
		{5223EF0C-6842-49A9-93D2-0F309CC2DA77}.Release|x86.ActiveCfg = Release|Win32
		{5223EF0C-6842-49A9-93D2-0F309CC2DA77}.Release|x86.Build.0 = Release|Win32
		{EDE05924-E183-4A00-8B11-5BD86E0C1D84}.Debug|x64.ActiveCfg = Debug|x64
		{EDE05924-E183-4A00-8B11-5BD86E0C1D84}.Debug|x64.Build.0 = Debug|x64
		{EDE05924-E183-4A00-8B11-5BD86E0C1D84}.Debug|x86.ActiveCfg = Debug|Win32
		{EDE05924-E183-4A00-8B11-5BD86E0C1D84}.Debug|x86.Build.0 = Debug|Win32
		{EDE05924-E183-4A00-8B11-5BD86E0C1D84}.Release|x64.ActiveCfg = Release|x64
		{EDE05924-E183-4A00-8B11-5BD86E0C1D84}.Release|x64.Build.0 = Release|x64
		{EDE05924-E183-4A00-8B11-5BD86E0C1D84}.Release|x86.ActiveCfg = Release|Win32
		{EDE05924-E183-4A00-8B11-5BD86E0C1D84}.Release|x86.Build.0 = Release|Win32
		{EA229BF8-BB16-4543-AB0C-7A7FF167F15B}.Debug|x64.ActiveCfg = Debug|x64
		{EA229BF8-BB16-4543-AB0C-7A7FF167F15B}.Debug|x64.Build.0 = Debug|x64
		{EA229BF8-BB16-4543-AB0C-7A7FF167F15B}.Debug|x86.ActiveCfg = Debug|Win32
		{EA229BF8-BB16-4543-AB0C-7A7FF167F15B}.Debug|x86.Build.0 = Debug|Win32
		{EA229BF8-BB16-4543-AB0C-7A7FF167F15B}.Release|x64.ActiveCfg = Release|x64
		{EA229BF8-BB16-4543-AB0C-7A7FF167F15B}.Release|x64.Build.0 = Release|x64
		{EA229BF8-BB16-4543-AB0C-7A7FF167F15B}.Release|x86.ActiveCfg = Release|Win32
		{EA229BF8-BB16-4543-AB0C-7A7FF167F15B}.Release|x86.Build.0 = Release|Win32
		{09D18C4D-F540-459E-B95E-8AF5D9104FEA}.Debug|x64.ActiveCfg = Debug|x64
		{09D18C4D-F540-459E-B95E-8AF5D9104FEA}.Debug|x64.Build.0 = Debug|x64
		{09D18C4D-F540-459E-B95E-8AF5D9104FEA}.Debug|x86.ActiveCfg = Debug|Win32
		{09D18C4D-F540-459E-B95E-8AF5D9104FEA}.Debug|x86.Build.0 = Debug|Win32
		{09D18C4D-F540-459E-B95E-8AF5D9104FEA}.Release|x64.ActiveCfg = Release|x64
		{09D18C4D-F540-459E-B95E-8AF5D9104FEA}.Release|x64.Build.0 = Release|x64
		{09D18C4D-F540-459E-B95E-8AF5D9104FEA}.Release|x86.ActiveCfg = Release|Win32
		{09D18C4D-F540-459E-B95E-8AF5D9104FEA}.Release|x86.Build.0 = Release|Win32
		{384D233F-8264-4981-918B-CDCD42054EEF}.Debug|x64.ActiveCfg = Debug|x64
		{384D233F-8264-4981-918B-CDCD42054EEF}.Debug|x64.Build.0 = Debug|x64
		{384D233F-8264-4981-918B-CDCD42054EEF}.Debug|x86.ActiveCfg = Debug|Win32
		{384D233F-8264-4981-918B-CDCD42054EEF}.Debug|x86.Build.0 = Debug|Win32
		{384D233F-8264-4981-918B-CDCD42054EEF}.Release|x64.ActiveCfg = Release|x64
		{384D233F-8264-4981-918B-CDCD42054EEF}.Release|x64.Build.0 = Release|x64
		{384D233F-8264-4981-918B-CDCD42054EEF}.Release|x86.ActiveCfg = Release|Win32
		{384D233F-8264-4981-918B-CDCD42054EEF}.Release|x86.Build.0 = Release|Win32
		{87CAB3D6-B457-447D-B5DC-8B4AB4CAE51A}.Debug|x64.ActiveCfg = Debug|x64
		{87CAB3D6-B457-447D-B5DC-8B4AB4CAE51A}.Debug|x64.Build.0 = Debug|x64
		{87CAB3D6-B457-447D-B5DC-8B4AB4CAE51A}.Debug|x86.ActiveCfg = Debug|Win32
		{87CAB3D6-B457-447D-B5DC-8B4AB4CAE51A}.Debug|x86.Build.0 = Debug|Win32
		{87CAB3D6-B457-447D-B5DC-8B4AB4CAE51A}.Release|x64.ActiveCfg = Release|x64
		{87CAB3D6-B457-447D-B5DC-8B4AB4CAE51A}.Release|x64.Build.0 = Release|x64
		{87CAB3D6-B457-447D-B5DC-8B4AB4CAE51A}.Release|x86.ActiveCfg = Release|Win32
		{87CAB3D6-B457-447D-B5DC-8B4AB4CAE51A}.Release|x86.Build.0 = Release|Win32
	EndGlobalSection
	GlobalSection(SolutionProperties) = preSolution
		HideSolutionNode = FALSE
	EndGlobalSection
	GlobalSection(ExtensibilityGlobals) = postSolution
		SolutionGuid = {B433F7BC-9CC8-4F0A-99BD-83106B9C1929}
	EndGlobalSection
EndGlobal
